
Microsoft Visual Studio Solution File, Format Version 12.00
Project("{FAE04EC0-301F-11D3-BF4B-00C04F79EFBC}") = "Keller", "Keller\Keller.csproj", "{7EEA9AC4-8108-4B7B-9F67-B1BD317872F3}"
EndProject
Global
	GlobalSection(SolutionConfigurationPlatforms) = preSolution
		Debug|Any CPU = Debug|Any CPU
		Release|Any CPU = Release|Any CPU
	EndGlobalSection
	GlobalSection(ProjectConfigurationPlatforms) = postSolution
		{7EEA9AC4-8108-4B7B-9F67-B1BD317872F3}.Debug|Any CPU.ActiveCfg = Debug|Any CPU
		{7EEA9AC4-8108-4B7B-9F67-B1BD317872F3}.Debug|Any CPU.Build.0 = Debug|Any CPU
		{7EEA9AC4-8108-4B7B-9F67-B1BD317872F3}.Release|Any CPU.ActiveCfg = Release|Any CPU
		{7EEA9AC4-8108-4B7B-9F67-B1BD317872F3}.Release|Any CPU.Build.0 = Release|Any CPU
	EndGlobalSection
EndGlobal
